
Microsoft Visual Studio Solution File, Format Version 12.00
# Visual Studio Version 17
VisualStudioVersion = 17.12.35707.178 d17.12
MinimumVisualStudioVersion = 10.0.40219.1
Project("{FAE04EC0-301F-11D3-BF4B-00C04F79EFBC}") = "PR04", "PR04\PR04.csproj", "{C241CF3B-74A9-4A6D-9966-50B7D31FCFAC}"
EndProject
Global
	GlobalSection(SolutionConfigurationPlatforms) = preSolution
		Debug|Any CPU = Debug|Any CPU
		Release|Any CPU = Release|Any CPU
	EndGlobalSection
	GlobalSection(ProjectConfigurationPlatforms) = postSolution
		{C241CF3B-74A9-4A6D-9966-50B7D31FCFAC}.Debug|Any CPU.ActiveCfg = Debug|Any CPU
		{C241CF3B-74A9-4A6D-9966-50B7D31FCFAC}.Debug|Any CPU.Build.0 = Debug|Any CPU
		{C241CF3B-74A9-4A6D-9966-50B7D31FCFAC}.Release|Any CPU.ActiveCfg = Release|Any CPU
		{C241CF3B-74A9-4A6D-9966-50B7D31FCFAC}.Release|Any CPU.Build.0 = Release|Any CPU
	EndGlobalSection
	GlobalSection(SolutionProperties) = preSolution
		HideSolutionNode = FALSE
	EndGlobalSection
EndGlobal
